
Microsoft Visual Studio Solution File, Format Version 12.00
# Visual Studio Version 17
VisualStudioVersion = 17.1.32210.238
MinimumVisualStudioVersion = 10.0.40219.1
Project("{FAE04EC0-301F-11D3-BF4B-00C04F79EFBC}") = "SecondHandCarBidProject.UserUI.GUI", "SecondHandCarBidProject.UserUI.GUI\SecondHandCarBidProject.UserUI.GUI.csproj", "{423F9EF7-FEC7-487A-8F43-3FB08BFA6BD4}"
EndProject
Project("{FAE04EC0-301F-11D3-BF4B-00C04F79EFBC}") = "SecondHandCarBidProject.UserUI.Dto", "SecondHandCarBidProject.UserUI.Dto\SecondHandCarBidProject.UserUI.Dto.csproj", "{1BDE012B-0772-48C1-80A5-DF17089A0FFD}"
EndProject
Project("{FAE04EC0-301F-11D3-BF4B-00C04F79EFBC}") = "SecondHandCarBidProject.UserUI.DAL", "SecondHandCarBidProject.UserUI.DAL\SecondHandCarBidProject.UserUI.DAL.csproj", "{8885881B-459A-42A6-B121-A4FE9A788308}"
EndProject
Global
	GlobalSection(SolutionConfigurationPlatforms) = preSolution
		Debug|Any CPU = Debug|Any CPU
		Release|Any CPU = Release|Any CPU
	EndGlobalSection
	GlobalSection(ProjectConfigurationPlatforms) = postSolution
		{423F9EF7-FEC7-487A-8F43-3FB08BFA6BD4}.Debug|Any CPU.ActiveCfg = Debug|Any CPU
		{423F9EF7-FEC7-487A-8F43-3FB08BFA6BD4}.Debug|Any CPU.Build.0 = Debug|Any CPU
		{423F9EF7-FEC7-487A-8F43-3FB08BFA6BD4}.Release|Any CPU.ActiveCfg = Release|Any CPU
		{423F9EF7-FEC7-487A-8F43-3FB08BFA6BD4}.Release|Any CPU.Build.0 = Release|Any CPU
		{1BDE012B-0772-48C1-80A5-DF17089A0FFD}.Debug|Any CPU.ActiveCfg = Debug|Any CPU
		{1BDE012B-0772-48C1-80A5-DF17089A0FFD}.Debug|Any CPU.Build.0 = Debug|Any CPU
		{1BDE012B-0772-48C1-80A5-DF17089A0FFD}.Release|Any CPU.ActiveCfg = Release|Any CPU
		{1BDE012B-0772-48C1-80A5-DF17089A0FFD}.Release|Any CPU.Build.0 = Release|Any CPU
		{8885881B-459A-42A6-B121-A4FE9A788308}.Debug|Any CPU.ActiveCfg = Debug|Any CPU
		{8885881B-459A-42A6-B121-A4FE9A788308}.Debug|Any CPU.Build.0 = Debug|Any CPU
		{8885881B-459A-42A6-B121-A4FE9A788308}.Release|Any CPU.ActiveCfg = Release|Any CPU
		{8885881B-459A-42A6-B121-A4FE9A788308}.Release|Any CPU.Build.0 = Release|Any CPU
	EndGlobalSection
	GlobalSection(SolutionProperties) = preSolution
		HideSolutionNode = FALSE
	EndGlobalSection
	GlobalSection(ExtensibilityGlobals) = postSolution
		SolutionGuid = {7D420768-318A-4620-B386-BC904F3451FC}
	EndGlobalSection
EndGlobal
